dependencies:
- name: postgresql
  repository: https://charts.bitnami.com/bitnami
  version: 16.7.13
- name: mysql
  repository: https://charts.bitnami.com/bitnami
  version: 13.0.2
digest: sha256:c6989c5a5e2273b002b155e957780616e84e28be0147196efe89fa012593ce44
generated: "2025-06-25T19:33:01.924935+02:00"
