dependencies:
- name: postgresql
  repository: https://charts.bitnami.com/bitnami
  version: 16.7.10
- name: mysql
  repository: https://charts.bitnami.com/bitnami
  version: 13.0.1
digest: sha256:1f01d02f3f27ab0ebf07d961c97d129bacccf61e4cfc0f43c34870a74194da1a
generated: "2025-06-06T22:01:14.902148917Z"
