dependencies:
- name: postgresql
  repository: https://charts.bitnami.com/bitnami
  version: 16.7.27
- name: mysql
  repository: https://charts.bitnami.com/bitnami
  version: 14.0.3
digest: sha256:f518d8bf3a8d42b797bd6e92640920212f19cf89e67810547c94832b4fd6afb2
generated: "2025-08-28T02:55:06.484391059Z"
