dependencies:
- name: redis
  repository: https://charts.bitnami.com/bitnami
  version: 21.2.11
- name: postgresql
  repository: https://charts.bitnami.com/bitnami
  version: 16.7.19
- name: minio
  repository: https://charts.min.io/
  version: 5.4.0
digest: sha256:99abe0fb91bebac913f3eea820bc3869cc9d20aff80aea4d296dbf3ea3232697
generated: "2025-07-15T21:34:37.153696185Z"
