dependencies:
- name: redis
  repository: https://charts.bitnami.com/bitnami
  version: 21.2.14
- name: postgresql
  repository: https://charts.bitnami.com/bitnami
  version: 16.7.21
- name: minio
  repository: https://charts.min.io/
  version: 5.4.0
digest: sha256:9e0caeb95a208d2f090ea0de162f9f278452d613ef23661345f776010aae83ca
generated: "2025-08-06T21:46:15.826165618Z"
