dependencies:
- name: redis
  repository: https://charts.bitnami.com/bitnami
  version: 22.0.7
- name: postgresql
  repository: https://charts.bitnami.com/bitnami
  version: 16.7.27
- name: minio
  repository: https://charts.min.io/
  version: 5.4.0
digest: sha256:39c9a8b6a4583d109d9406f7a537bc7f5404adf9a8001789508d0bf600e013ad
generated: "2025-09-01T02:56:04.537823103Z"
