dependencies:
- name: redis
  repository: https://charts.bitnami.com/bitnami
  version: 21.1.8
- name: postgresql
  repository: https://charts.bitnami.com/bitnami
  version: 16.7.5
- name: minio
  repository: https://charts.min.io/
  version: 5.4.0
digest: sha256:89d9bfaae6ee69419b3bfd883d2527734d4ca79dd026ff47ecfa15a0dedd1e46
generated: "2025-05-28T02:29:36.018898793Z"
