dependencies:
- name: redis
  repository: https://charts.bitnami.com/bitnami
  version: 20.11.0
- name: postgresql
  repository: https://charts.bitnami.com/bitnami
  version: 16.4.16
digest: sha256:ce01e51efef4da4db7d1f0a8ce9b5ba7960ae800ea76a6e870e4ec067a31355b
generated: "2025-03-04T02:47:37.208318104Z"
