dependencies:
- name: redis
  repository: https://charts.bitnami.com/bitnami
  version: 21.2.12
- name: postgresql
  repository: https://charts.bitnami.com/bitnami
  version: 16.7.19
- name: minio
  repository: https://charts.min.io/
  version: 5.4.0
digest: sha256:8af01651b283eaa846a71d29b8a1b546038801af3c61f4c05a188fef8dd3ed1f
generated: "2025-07-17T16:12:39.38358011Z"
